{
  "name": "coir",
  "version": "0.0.2",
  "lockfileVersion": 1,
  "requires": true,
  "dependencies": {
    "base64-js": {
      "version": "0.0.8",
      "resolved": "http://registry.npm.taobao.org/base64-js/download/base64-js-0.0.8.tgz",
      "integrity": "sha1-EQHpVE9KdrG8OybUUsqW16NeeXg="
    },
    "bl": {
      "version": "1.2.1",
      "resolved": "http://registry.npm.taobao.org/bl/download/bl-1.2.1.tgz",
      "integrity": "sha1-ysMo977kVzDUBLaSID/LWQ4XLV4=",
      "requires": {
        "readable-stream": "2.3.3"
      }
    },
    "buffer": {
      "version": "3.6.0",
      "resolved": "http://registry.npm.taobao.org/buffer/download/buffer-3.6.0.tgz",
      "integrity": "sha1-pyyTb3e5a/UvX357RnGAYoVR3vs=",
      "requires": {
        "base64-js": "0.0.8",
        "ieee754": "1.1.8",
        "isarray": "1.0.0"
      }
    },
    "buffer-crc32": {
      "version": "0.2.13",
      "resolved": "http://registry.npm.taobao.org/buffer-crc32/download/buffer-crc32-0.2.13.tgz",
      "integrity": "sha1-DTM+PwDqxQqhRUq9MO+MKl2ackI="
    },
    "caw": {
      "version": "2.0.1",
      "resolved": "http://registry.npm.taobao.org/caw/download/caw-2.0.1.tgz",
      "integrity": "sha1-bDygcfwZRyCIPC3F2psHS/x+npU=",
      "requires": {
        "get-proxy": "2.1.0",
        "isurl": "1.0.0",
        "tunnel-agent": "0.6.0",
        "url-to-options": "1.0.1"
      }
    },
    "chownr": {
      "version": "1.0.1",
      "resolved": "http://registry.npm.taobao.org/chownr/download/chownr-1.0.1.tgz",
      "integrity": "sha1-4qdQQqlVGQi+vSW4Uj1fl2nXkYE="
    },
    "colors": {
      "version": "1.1.2",
      "resolved": "https://registry.npmjs.org/colors/-/colors-1.1.2.tgz",
      "integrity": "sha1-FopHAXVran9RoSzgyXv6KMCE7WM="
    },
    "commander": {
      "version": "2.12.2",
      "resolved": "https://registry.npmjs.org/commander/-/commander-2.12.2.tgz",
      "integrity": "sha512-BFnaq5ZOGcDN7FlrtBT4xxkgIToalIIxwjxLWVJ8bGTpe1LroqMiqQXdA7ygc7CRvaYS+9zfPGFnJqFSayx+AA=="
    },
    "config-chain": {
      "version": "1.1.11",
      "resolved": "http://registry.npm.taobao.org/config-chain/download/config-chain-1.1.11.tgz",
      "integrity": "sha1-q6CXR9++TD5w52am5BWG4YWfxvI=",
      "requires": {
        "ini": "1.3.5",
        "proto-list": "1.2.4"
      }
    },
    "content-disposition": {
      "version": "0.5.2",
      "resolved": "http://registry.npm.taobao.org/content-disposition/download/content-disposition-0.5.2.tgz",
      "integrity": "sha1-DPaLud318r55YcOoUXjLhdunjLQ="
    },
    "core-util-is": {
      "version": "1.0.2",
      "resolved": "http://registry.npm.taobao.org/core-util-is/download/core-util-is-1.0.2.tgz",
      "integrity": "sha1-tf1UIgqivFq1eqtxQMlAdUUDwac="
    },
    "decompress": {
      "version": "4.2.0",
      "resolved": "http://registry.npm.taobao.org/decompress/download/decompress-4.2.0.tgz",
      "integrity": "sha1-eu3YVCflqS2s/lVnSnxQXpbQH50=",
      "requires": {
        "decompress-tar": "4.1.1",
        "decompress-tarbz2": "4.1.1",
        "decompress-targz": "4.1.1",
        "decompress-unzip": "4.0.1",
        "graceful-fs": "4.1.11",
        "make-dir": "1.1.0",
        "pify": "2.3.0",
        "strip-dirs": "2.1.0"
      },
      "dependencies": {
        "pify": {
          "version": "2.3.0",
          "resolved": "http://registry.npm.taobao.org/pify/download/pify-2.3.0.tgz",
          "integrity": "sha1-7RQaasBDqEnqWISY59yosVMw6Qw="
        }
      }
    },
    "decompress-response": {
      "version": "3.3.0",
      "resolved": "http://registry.npm.taobao.org/decompress-response/download/decompress-response-3.3.0.tgz",
      "integrity": "sha1-gKTdMjdIOEv6JICDYirt7Jgq3/M=",
      "requires": {
        "mimic-response": "1.0.0"
      }
    },
    "decompress-tar": {
      "version": "4.1.1",
      "resolved": "http://registry.npm.taobao.org/decompress-tar/download/decompress-tar-4.1.1.tgz",
      "integrity": "sha1-cYy9P8sWIJcW5womuE57pFkuWvE=",
      "requires": {
        "file-type": "5.2.0",
        "is-stream": "1.1.0",
        "tar-stream": "1.5.5"
      }
    },
    "decompress-tarbz2": {
      "version": "4.1.1",
      "resolved": "http://registry.npm.taobao.org/decompress-tarbz2/download/decompress-tarbz2-4.1.1.tgz",
      "integrity": "sha1-MIKluIDqQEOBY0nzeLVsUWvho5s=",
      "requires": {
        "decompress-tar": "4.1.1",
        "file-type": "6.2.0",
        "is-stream": "1.1.0",
        "seek-bzip": "1.0.5",
        "unbzip2-stream": "1.2.5"
      },
      "dependencies": {
        "file-type": {
          "version": "6.2.0",
          "resolved": "http://registry.npm.taobao.org/file-type/download/file-type-6.2.0.tgz",
          "integrity": "sha1-5QzXXTVv/tTjBtxPW89Sp5kDqRk="
        }
      }
    },
    "decompress-targz": {
      "version": "4.1.1",
      "resolved": "http://registry.npm.taobao.org/decompress-targz/download/decompress-targz-4.1.1.tgz",
      "integrity": "sha1-wJvDXE0R894J8tLaU+neI+fOHu4=",
      "requires": {
        "decompress-tar": "4.1.1",
        "file-type": "5.2.0",
        "is-stream": "1.1.0"
      }
    },
    "decompress-unzip": {
      "version": "4.0.1",
      "resolved": "http://registry.npm.taobao.org/decompress-unzip/download/decompress-unzip-4.0.1.tgz",
      "integrity": "sha1-3qrM39FK6vhVePczroIQ+bSEj2k=",
      "requires": {
        "file-type": "3.9.0",
        "get-stream": "2.3.1",
        "pify": "2.3.0",
        "yauzl": "2.9.1"
      },
      "dependencies": {
        "file-type": {
          "version": "3.9.0",
          "resolved": "http://registry.npm.taobao.org/file-type/download/file-type-3.9.0.tgz",
          "integrity": "sha1-JXoHg4TR24CHvESdEH1SpSZyuek="
        },
        "get-stream": {
          "version": "2.3.1",
          "resolved": "http://registry.npm.taobao.org/get-stream/download/get-stream-2.3.1.tgz",
          "integrity": "sha1-Xzj5PzRgCWZu4BUKBUFn+Rvdld4=",
          "requires": {
            "object-assign": "4.1.1",
            "pinkie-promise": "2.0.1"
          }
        },
        "pify": {
          "version": "2.3.0",
          "resolved": "http://registry.npm.taobao.org/pify/download/pify-2.3.0.tgz",
          "integrity": "sha1-7RQaasBDqEnqWISY59yosVMw6Qw="
        }
      }
    },
    "download": {
      "version": "6.2.5",
      "resolved": "http://registry.npm.taobao.org/download/download/download-6.2.5.tgz",
      "integrity": "sha1-rNalQuTNC7Qspwz8mMnkOwcDlxQ=",
      "requires": {
        "caw": "2.0.1",
        "content-disposition": "0.5.2",
        "decompress": "4.2.0",
        "ext-name": "5.0.0",
        "file-type": "5.2.0",
        "filenamify": "2.0.0",
        "get-stream": "3.0.0",
        "got": "7.1.0",
        "make-dir": "1.1.0",
        "p-event": "1.3.0",
        "pify": "3.0.0"
      }
    },
    "duplexer3": {
      "version": "0.1.4",
      "resolved": "http://registry.npm.taobao.org/duplexer3/download/duplexer3-0.1.4.tgz",
      "integrity": "sha1-7gHdHKwO08vH/b6jfcCo8c4ALOI="
    },
    "end-of-stream": {
      "version": "1.4.0",
      "resolved": "http://registry.npm.taobao.org/end-of-stream/download/end-of-stream-1.4.0.tgz",
      "integrity": "sha1-epDYM+/abPpurA9JSduw+tOmMgY=",
      "requires": {
        "once": "1.4.0"
      }
    },
    "escape-string-regexp": {
      "version": "1.0.5",
      "resolved": "http://registry.npm.taobao.org/escape-string-regexp/download/escape-string-regexp-1.0.5.tgz",
      "integrity": "sha1-G2HAViGQqN/2rjuyzwIAyhMLhtQ="
    },
    "ext-list": {
      "version": "2.2.2",
      "resolved": "http://registry.npm.taobao.org/ext-list/download/ext-list-2.2.2.tgz",
      "integrity": "sha1-C5jmTtgvWs8PKTG6v2khLvUt3Tc=",
      "requires": {
        "mime-db": "1.32.0"
      }
    },
    "ext-name": {
      "version": "5.0.0",
      "resolved": "http://registry.npm.taobao.org/ext-name/download/ext-name-5.0.0.tgz",
      "integrity": "sha1-cHgZgdGD7hXROZPIgiBFxQbI8KY=",
      "requires": {
        "ext-list": "2.2.2",
        "sort-keys-length": "1.0.1"
      }
    },
    "fd-slicer": {
      "version": "1.0.1",
      "resolved": "http://registry.npm.taobao.org/fd-slicer/download/fd-slicer-1.0.1.tgz",
      "integrity": "sha1-i1vL2ewyfFBBv5qwI/1nUPEXfmU=",
      "requires": {
        "pend": "1.2.0"
      }
    },
    "file-type": {
      "version": "5.2.0",
      "resolved": "http://registry.npm.taobao.org/file-type/download/file-type-5.2.0.tgz",
      "integrity": "sha1-LdvqfHP/42No365J3DOMBYwritY="
    },
    "filename-reserved-regex": {
      "version": "2.0.0",
      "resolved": "http://registry.npm.taobao.org/filename-reserved-regex/download/filename-reserved-regex-2.0.0.tgz",
      "integrity": "sha1-q/c9+rc10EVECr/qLZHzieu/oik="
    },
    "filenamify": {
      "version": "2.0.0",
      "resolved": "http://registry.npm.taobao.org/filenamify/download/filenamify-2.0.0.tgz",
      "integrity": "sha1-vRYiYsC26Uv7zc8Zo7uzdk94VpU=",
      "requires": {
        "filename-reserved-regex": "2.0.0",
        "strip-outer": "1.0.0",
        "trim-repeated": "1.0.0"
      }
    },
    "fs-extra": {
      "version": "5.0.0",
      "resolved": "https://registry.npmjs.org/fs-extra/-/fs-extra-5.0.0.tgz",
      "integrity": "sha512-66Pm4RYbjzdyeuqudYqhFiNBbCIuI9kgRqLPSHIlXHidW8NIQtVdkM1yeZ4lXwuhbTETv3EUGMNHAAw6hiundQ==",
      "requires": {
        "graceful-fs": "4.1.11",
        "jsonfile": "4.0.0",
        "universalify": "0.1.1"
      }
    },
    "fs-minipass": {
      "version": "1.2.3",
      "resolved": "http://registry.npm.taobao.org/fs-minipass/download/fs-minipass-1.2.3.tgz",
      "integrity": "sha1-Yz7iFDid7ekcTsRGo0iR+WSAWXM=",
      "requires": {
        "minipass": "2.2.1"
      }
    },
    "get-proxy": {
      "version": "2.1.0",
      "resolved": "http://registry.npm.taobao.org/get-proxy/download/get-proxy-2.1.0.tgz",
      "integrity": "sha1-NJ8rTZHUTE1NTpy6KtkBQ/rF75M=",
      "requires": {
        "npm-conf": "1.1.3"
      }
    },
    "get-stream": {
      "version": "3.0.0",
      "resolved": "http://registry.npm.taobao.org/get-stream/download/get-stream-3.0.0.tgz",
      "integrity": "sha1-jpQ9E1jcN1VQVOy+LtsFqhdO3hQ="
    },
    "got": {
      "version": "7.1.0",
      "resolved": "http://registry.npm.taobao.org/got/download/got-7.1.0.tgz",
      "integrity": "sha1-BUUP2ECU5rvqVvRRpDqcKJFmOFo=",
      "requires": {
        "decompress-response": "3.3.0",
        "duplexer3": "0.1.4",
        "get-stream": "3.0.0",
        "is-plain-obj": "1.1.0",
        "is-retry-allowed": "1.1.0",
        "is-stream": "1.1.0",
        "isurl": "1.0.0",
        "lowercase-keys": "1.0.0",
        "p-cancelable": "0.3.0",
        "p-timeout": "1.2.1",
        "safe-buffer": "5.1.1",
        "timed-out": "4.0.1",
        "url-parse-lax": "1.0.0",
        "url-to-options": "1.0.1"
      }
    },
    "graceful-fs": {
      "version": "4.1.11",
      "resolved": "http://registry.npm.taobao.org/graceful-fs/download/graceful-fs-4.1.11.tgz",
      "integrity": "sha1-Dovf5NHduIVNZOBOp8AOKgJuVlg="
    },
    "graceful-readlink": {
      "version": "1.0.1",
      "resolved": "http://registry.npm.taobao.org/graceful-readlink/download/graceful-readlink-1.0.1.tgz",
      "integrity": "sha1-TK+tdrxi8C+gObL5Tpo906ORpyU="
    },
    "has-symbol-support-x": {
      "version": "1.4.1",
      "resolved": "http://registry.npm.taobao.org/has-symbol-support-x/download/has-symbol-support-x-1.4.1.tgz",
      "integrity": "sha1-ZuwuN34MfXzO2wejqE13UQ/xvEw="
    },
    "has-to-string-tag-x": {
      "version": "1.4.1",
      "resolved": "http://registry.npm.taobao.org/has-to-string-tag-x/download/has-to-string-tag-x-1.4.1.tgz",
      "integrity": "sha1-oEWrOD17SyASoAFIqwql8pAETU0=",
      "requires": {
        "has-symbol-support-x": "1.4.1"
      }
    },
    "ieee754": {
      "version": "1.1.8",
      "resolved": "http://registry.npm.taobao.org/ieee754/download/ieee754-1.1.8.tgz",
      "integrity": "sha1-vjPUCsEO8ZJnAfbwii2G+/0a0+Q="
    },
    "inherits": {
      "version": "2.0.3",
      "resolved": "http://registry.npm.taobao.org/inherits/download/inherits-2.0.3.tgz",
      "integrity": "sha1-Yzwsg+PaQqUC9SRmAiSA9CCCYd4="
    },
    "ini": {
      "version": "1.3.5",
      "resolved": "http://registry.npm.taobao.org/ini/download/ini-1.3.5.tgz",
      "integrity": "sha1-7uJfVtscnsYIXgwid4CD9Zar+Sc="
    },
    "is-natural-number": {
      "version": "4.0.1",
      "resolved": "http://registry.npm.taobao.org/is-natural-number/download/is-natural-number-4.0.1.tgz",
      "integrity": "sha1-q5124dtM7VHjXeDHLr7PCfc0zeg="
    },
    "is-object": {
      "version": "1.0.1",
      "resolved": "http://registry.npm.taobao.org/is-object/download/is-object-1.0.1.tgz",
      "integrity": "sha1-iVJojF7C/9awPsyF52ngKQMINHA="
    },
    "is-plain-obj": {
      "version": "1.1.0",
      "resolved": "http://registry.npm.taobao.org/is-plain-obj/download/is-plain-obj-1.1.0.tgz",
      "integrity": "sha1-caUMhCnfync8kqOQpKA7OfzVHT4="
    },
    "is-retry-allowed": {
      "version": "1.1.0",
      "resolved": "http://registry.npm.taobao.org/is-retry-allowed/download/is-retry-allowed-1.1.0.tgz",
      "integrity": "sha1-EaBgVotnM5REAz0BJaYaINVk+zQ="
    },
    "is-stream": {
      "version": "1.1.0",
      "resolved": "http://registry.npm.taobao.org/is-stream/download/is-stream-1.1.0.tgz",
      "integrity": "sha1-EtSj3U5o4Lec6428hBc66A2RykQ="
    },
    "isarray": {
      "version": "1.0.0",
      "resolved": "http://registry.npm.taobao.org/isarray/download/isarray-1.0.0.tgz",
      "integrity": "sha1-u5NdSFgsuhaMBoNJV6VKPgcSTxE="
    },
    "isurl": {
      "version": "1.0.0",
      "resolved": "http://registry.npm.taobao.org/isurl/download/isurl-1.0.0.tgz",
      "integrity": "sha1-sn9PSfPNqj6kSgpbfzRi5u3DnWc=",
      "requires": {
        "has-to-string-tag-x": "1.4.1",
        "is-object": "1.0.1"
      }
    },
    "jsonfile": {
      "version": "4.0.0",
      "resolved": "https://registry.npmjs.org/jsonfile/-/jsonfile-4.0.0.tgz",
      "integrity": "sha1-h3Gq4HmbZAdrdmQPygWPnBDjPss=",
      "requires": {
        "graceful-fs": "4.1.11"
      }
    },
    "lowercase-keys": {
      "version": "1.0.0",
      "resolved": "http://registry.npm.taobao.org/lowercase-keys/download/lowercase-keys-1.0.0.tgz",
      "integrity": "sha1-TjNms55/VFfjXxMkvfb4jQv8cwY="
    },
    "make-dir": {
      "version": "1.1.0",
      "resolved": "http://registry.npm.taobao.org/make-dir/download/make-dir-1.1.0.tgz",
      "integrity": "sha1-GbQ2n+SMEW9Twq+VrRAsDjnoXVE=",
      "requires": {
        "pify": "3.0.0"
      }
    },
    "mime-db": {
      "version": "1.32.0",
      "resolved": "http://registry.npm.taobao.org/mime-db/download/mime-db-1.32.0.tgz",
      "integrity": "sha1-SFs4SLAaPNpflotIgsB3HljglBQ="
    },
    "mimic-response": {
      "version": "1.0.0",
      "resolved": "http://registry.npm.taobao.org/mimic-response/download/mimic-response-1.0.0.tgz",
      "integrity": "sha1-3z02Uqc/3ta5sLJBRub9BSNTRY4="
    },
    "minimist": {
      "version": "0.0.8",
      "resolved": "http://registry.npm.taobao.org/minimist/download/minimist-0.0.8.tgz",
      "integrity": "sha1-hX/Kv8M5fSYluCKCYuhqp6ARsF0="
    },
    "minipass": {
      "version": "2.2.1",
      "resolved": "http://registry.npm.taobao.org/minipass/download/minipass-2.2.1.tgz",
      "integrity": "sha1-WtqXU4sQJ7TPchNDJChXjLVkAR8=",
      "requires": {
        "yallist": "3.0.2"
      }
    },
    "minizlib": {
      "version": "1.0.4",
      "resolved": "http://registry.npm.taobao.org/minizlib/download/minizlib-1.0.4.tgz",
      "integrity": "sha1-jrtR3Yu+QLASa1Yz27NrKEovUjw=",
      "requires": {
        "minipass": "2.2.1"
      }
    },
    "mkdirp": {
      "version": "0.5.1",
      "resolved": "http://registry.npm.taobao.org/mkdirp/download/mkdirp-0.5.1.tgz",
      "integrity": "sha1-MAV0OOrGz3+MR2fzhkjWaX11yQM=",
      "requires": {
        "minimist": "0.0.8"
      }
    },
    "npm-conf": {
      "version": "1.1.3",
      "resolved": "http://registry.npm.taobao.org/npm-conf/download/npm-conf-1.1.3.tgz",
      "integrity": "sha1-JWzEe9DiGMJZxOlVC/QTvCGSr/k=",
      "requires": {
        "config-chain": "1.1.11",
        "pify": "3.0.0"
      }
    },
    "object-assign": {
      "version": "4.1.1",
      "resolved": "http://registry.npm.taobao.org/object-assign/download/object-assign-4.1.1.tgz",
      "integrity": "sha1-IQmtx5ZYh8/AXLvUQsrIv7s2CGM="
    },
    "once": {
      "version": "1.4.0",
      "resolved": "http://registry.npm.taobao.org/once/download/once-1.4.0.tgz",
      "integrity": "sha1-WDsap3WWHUsROsF9nFC6753Xa9E=",
      "requires": {
        "wrappy": "1.0.2"
      }
    },
    "p-cancelable": {
      "version": "0.3.0",
      "resolved": "http://registry.npm.taobao.org/p-cancelable/download/p-cancelable-0.3.0.tgz",
      "integrity": "sha1-ueEjgAvOu3rBOkeb4ZW1B7mNMPo="
    },
    "p-event": {
      "version": "1.3.0",
      "resolved": "http://registry.npm.taobao.org/p-event/download/p-event-1.3.0.tgz",
      "integrity": "sha1-jmtPT2XHK8W2/ii3XtqHT5akoIU=",
      "requires": {
        "p-timeout": "1.2.1"
      }
    },
    "p-finally": {
      "version": "1.0.0",
      "resolved": "http://registry.npm.taobao.org/p-finally/download/p-finally-1.0.0.tgz",
      "integrity": "sha1-P7z7FbiZpEEjs0ttzBi3JDNqLK4="
    },
    "p-timeout": {
      "version": "1.2.1",
      "resolved": "http://registry.npm.taobao.org/p-timeout/download/p-timeout-1.2.1.tgz",
      "integrity": "sha1-XrOzU7f86Z8QGhA4iAuwVOu+o4Y=",
      "requires": {
        "p-finally": "1.0.0"
      }
    },
    "pend": {
      "version": "1.2.0",
      "resolved": "http://registry.npm.taobao.org/pend/download/pend-1.2.0.tgz",
      "integrity": "sha1-elfrVQpng/kRUzH89GY9XI4AelA="
    },
    "pify": {
      "version": "3.0.0",
      "resolved": "http://registry.npm.taobao.org/pify/download/pify-3.0.0.tgz",
      "integrity": "sha1-5aSs0sEB/fPZpNB/DbxNtJ3SgXY="
    },
    "pinkie": {
      "version": "2.0.4",
      "resolved": "http://registry.npm.taobao.org/pinkie/download/pinkie-2.0.4.tgz",
      "integrity": "sha1-clVrgM+g1IqXToDnckjoDtT3+HA="
    },
    "pinkie-promise": {
      "version": "2.0.1",
      "resolved": "http://registry.npm.taobao.org/pinkie-promise/download/pinkie-promise-2.0.1.tgz",
      "integrity": "sha1-ITXW36ejWMBprJsXh3YogihFD/o=",
      "requires": {
        "pinkie": "2.0.4"
      }
    },
    "prepend-http": {
      "version": "1.0.4",
      "resolved": "http://registry.npm.taobao.org/prepend-http/download/prepend-http-1.0.4.tgz",
      "integrity": "sha1-1PRWKwzjaW5BrFLQ4ALlemNdxtw="
    },
    "process-nextick-args": {
      "version": "1.0.7",
      "resolved": "http://registry.npm.taobao.org/process-nextick-args/download/process-nextick-args-1.0.7.tgz",
      "integrity": "sha1-FQ4gt1ZZCtP5EJPyWk8q2L/zC6M="
    },
    "progress": {
      "version": "2.0.0",
      "resolved": "https://registry.npmjs.org/progress/-/progress-2.0.0.tgz",
      "integrity": "sha1-ihvjZr+Pwj2yvSPxDG/pILQ4nR8="
    },
    "proto-list": {
      "version": "1.2.4",
      "resolved": "http://registry.npm.taobao.org/proto-list/download/proto-list-1.2.4.tgz",
      "integrity": "sha1-IS1b/hMYMGpCD2QCuOJv85ZHqEk="
    },
    "q": {
      "version": "1.5.1",
      "resolved": "https://registry.npmjs.org/q/-/q-1.5.1.tgz",
      "integrity": "sha1-fjL3W0E4EpHQRhHxvxQQmsAGUdc="
    },
    "readable-stream": {
      "version": "2.3.3",
      "resolved": "http://registry.npm.taobao.org/readable-stream/download/readable-stream-2.3.3.tgz",
      "integrity": "sha1-No8lEtefnUb9/HE0mueHi7weuVw=",
      "requires": {
        "core-util-is": "1.0.2",
        "inherits": "2.0.3",
        "isarray": "1.0.0",
        "process-nextick-args": "1.0.7",
        "safe-buffer": "5.1.1",
        "string_decoder": "1.0.3",
        "util-deprecate": "1.0.2"
      }
    },
    "safe-buffer": {
      "version": "5.1.1",
      "resolved": "http://registry.npm.taobao.org/safe-buffer/download/safe-buffer-5.1.1.tgz",
      "integrity": "sha1-iTMSr2myEj3vcfV4iQAWce6yyFM="
    },
    "seek-bzip": {
      "version": "1.0.5",
      "resolved": "http://registry.npm.taobao.org/seek-bzip/download/seek-bzip-1.0.5.tgz",
      "integrity": "sha1-z+kXyz0nS8/6x5J1ivUxc+sfq9w=",
      "requires": {
        "commander": "2.8.1"
      },
      "dependencies": {
        "commander": {
          "version": "2.8.1",
          "resolved": "http://registry.npm.taobao.org/commander/download/commander-2.8.1.tgz",
          "integrity": "sha1-Br42f+v9oMMwqh4qBy09yXYkJdQ=",
          "requires": {
            "graceful-readlink": "1.0.1"
          }
        }
      }
    },
    "sort-keys": {
      "version": "1.1.2",
      "resolved": "http://registry.npm.taobao.org/sort-keys/download/sort-keys-1.1.2.tgz",
      "integrity": "sha1-RBttTTRnmPG05J6JIK37oOVD+a0=",
      "requires": {
        "is-plain-obj": "1.1.0"
      }
    },
    "sort-keys-length": {
      "version": "1.0.1",
      "resolved": "http://registry.npm.taobao.org/sort-keys-length/download/sort-keys-length-1.0.1.tgz",
      "integrity": "sha1-nLb09OnkgVWmqgZx7dM2/xR5oYg=",
      "requires": {
        "sort-keys": "1.1.2"
      }
    },
    "string_decoder": {
      "version": "1.0.3",
      "resolved": "http://registry.npm.taobao.org/string_decoder/download/string_decoder-1.0.3.tgz",
      "integrity": "sha1-D8Z9fBQYJd6UKC3VNr7GubzoYKs=",
      "requires": {
        "safe-buffer": "5.1.1"
      }
    },
    "strip-dirs": {
      "version": "2.1.0",
      "resolved": "http://registry.npm.taobao.org/strip-dirs/download/strip-dirs-2.1.0.tgz",
      "integrity": "sha1-SYdzYmT8NEzyD2w0rKnRPR1O1sU=",
      "requires": {
        "is-natural-number": "4.0.1"
      }
    },
    "strip-outer": {
      "version": "1.0.0",
      "resolved": "http://registry.npm.taobao.org/strip-outer/download/strip-outer-1.0.0.tgz",
      "integrity": "sha1-qsC6YNLpDF1PJ1/Yhp/ZotMQ/7g=",
      "requires": {
        "escape-string-regexp": "1.0.5"
      }
    },
    "tar": {
      "version": "4.1.1",
      "resolved": "http://registry.npm.taobao.org/tar/download/tar-4.1.1.tgz",
      "integrity": "sha1-gvq5DjSsdXX5JQhN5mzA0rSk4EA=",
      "requires": {
        "chownr": "1.0.1",
        "fs-minipass": "1.2.3",
        "minipass": "2.2.1",
        "minizlib": "1.0.4",
        "mkdirp": "0.5.1",
        "yallist": "3.0.2"
      }
    },
    "tar-stream": {
      "version": "1.5.5",
      "resolved": "http://registry.npm.taobao.org/tar-stream/download/tar-stream-1.5.5.tgz",
      "integrity": "sha1-XK2Ed59FyDsfJQjZawnYjHIYr1U=",
      "requires": {
        "bl": "1.2.1",
        "end-of-stream": "1.4.0",
        "readable-stream": "2.3.3",
        "xtend": "4.0.1"
      }
    },
    "through": {
      "version": "2.3.8",
      "resolved": "http://registry.npm.taobao.org/through/download/through-2.3.8.tgz",
      "integrity": "sha1-DdTJ/6q8NXlgsbckEV1+Doai4fU="
    },
    "timed-out": {
      "version": "4.0.1",
      "resolved": "http://registry.npm.taobao.org/timed-out/download/timed-out-4.0.1.tgz",
      "integrity": "sha1-8y6srFoXW+ol1/q1Zas+2HQe9W8="
    },
    "trim-repeated": {
      "version": "1.0.0",
      "resolved": "http://registry.npm.taobao.org/trim-repeated/download/trim-repeated-1.0.0.tgz",
      "integrity": "sha1-42RqLqTokTEr9+rObPsFOAvAHCE=",
      "requires": {
        "escape-string-regexp": "1.0.5"
      }
    },
    "tunnel-agent": {
      "version": "0.6.0",
      "resolved": "http://registry.npm.taobao.org/tunnel-agent/download/tunnel-agent-0.6.0.tgz",
      "integrity": "sha1-J6XeoGs2sEoKmWZ3SykIaPD8QP0=",
      "requires": {
        "safe-buffer": "5.1.1"
      }
    },
    "unbzip2-stream": {
      "version": "1.2.5",
      "resolved": "http://registry.npm.taobao.org/unbzip2-stream/download/unbzip2-stream-1.2.5.tgz",
      "integrity": "sha1-c6AzpWe7veWWVLGTxE1Ip+T0PEc=",
      "requires": {
        "buffer": "3.6.0",
        "through": "2.3.8"
      }
    },
    "universalify": {
      "version": "0.1.1",
      "resolved": "https://registry.npmjs.org/universalify/-/universalify-0.1.1.tgz",
      "integrity": "sha1-+nG63UQ3r0wUiEHjs7Fl+enlkLc="
    },
    "url-parse-lax": {
      "version": "1.0.0",
      "resolved": "http://registry.npm.taobao.org/url-parse-lax/download/url-parse-lax-1.0.0.tgz",
      "integrity": "sha1-evjzA2Rem9eaJy56FKxovAYJ2nM=",
      "requires": {
        "prepend-http": "1.0.4"
      }
    },
    "url-to-options": {
      "version": "1.0.1",
      "resolved": "http://registry.npm.taobao.org/url-to-options/download/url-to-options-1.0.1.tgz",
      "integrity": "sha1-FQWgOiiaSMvXpDTvuu7FBV9WM6k="
    },
    "util-deprecate": {
      "version": "1.0.2",
      "resolved": "http://registry.npm.taobao.org/util-deprecate/download/util-deprecate-1.0.2.tgz",
      "integrity": "sha1-RQ1Nyfpw3nMnYvvS1KKJgUGaDM8="
    },
    "wrappy": {
      "version": "1.0.2",
      "resolved": "http://registry.npm.taobao.org/wrappy/download/wrappy-1.0.2.tgz",
      "integrity": "sha1-tSQ9jz7BqjXxNkYFvA0QNuMKtp8="
    },
    "xtend": {
      "version": "4.0.1",
      "resolved": "http://registry.npm.taobao.org/xtend/download/xtend-4.0.1.tgz",
      "integrity": "sha1-pcbVMr5lbiPbgg77lDofBJmNY68="
    },
    "yallist": {
      "version": "3.0.2",
      "resolved": "http://registry.npm.taobao.org/yallist/download/yallist-3.0.2.tgz",
      "integrity": "sha1-hFK0u36Dx8GI2AQcGoN8dz1ti7k="
    },
    "yauzl": {
      "version": "2.9.1",
      "resolved": "http://registry.npm.taobao.org/yauzl/download/yauzl-2.9.1.tgz",
      "integrity": "sha1-qBmB6nCleUYTOIPwKcWCGok1mn8=",
      "requires": {
        "buffer-crc32": "0.2.13",
        "fd-slicer": "1.0.1"
      }
    }
  }
}
